<?xml version="1.0" encoding="utf-8"?>
<Project ToolsVersion="4.0" xmlns="http://schemas.microsoft.com/developer/msbuild/2003">
  <ItemGroup>
    <Filter Include="Source Files">
      <UniqueIdentifier>{4FC737F1-C7A5-4376-A066-2A32D752A2FF}</UniqueIdentifier>
      <Extensions>cpp;c;cc;cxx;c++;cppm;ixx;def;odl;idl;hpj;bat;asm;asmx</Extensions>
    </Filter>
    <Filter Include="Header Files">
      <UniqueIdentifier>{93995380-89BD-4b04-88EB-625FBE52EBFB}</UniqueIdentifier>
      <Extensions>h;hh;hpp;hxx;h++;hm;inl;inc;ipp;xsd</Extensions>
    </Filter>
    <Filter Include="Resource Files">
      <UniqueIdentifier>{67DA6AB6-F800-4c08-8B7A-83BB121AAD01}</UniqueIdentifier>
      <Extensions>rc;ico;cur;bmp;dlg;rc2;rct;bin;rgs;gif;jpg;jpeg;jpe;resx;tiff;tif;png;wav;mfcribbon-ms</Extensions>
    </Filter>
  </ItemGroup>
  <ItemGroup>
    <ClCompile Include="dllmain.cpp">
      <Filter>Source Files</Filter>
    </ClCompile>
    <ClCompile Include="wattson-client\vendor\Console\Console.cpp">
      <Filter>Source Files</Filter>
    </ClCompile>
    <ClCompile Include="wattson-client\vendor\Wattson\Wattson.cpp">
      <Filter>Source Files</Filter>
    </ClCompile>
    <ClCompile Include="wattson-client\vendor\Java\Java.cpp">
      <Filter>Source Files</Filter>
    </ClCompile>
    <ClCompile Include="wattson-client\sdk\Minecraft\Minecraft.cpp">
      <Filter>Source Files</Filter>
    </ClCompile>
    <ClCompile Include="wattson-client\sdk\World\World.cpp">
      <Filter>Source Files</Filter>
    </ClCompile>
    <ClCompile Include="wattson-client\sdk\Player\Player.cpp">
      <Filter>Source Files</Filter>
    </ClCompile>
    <ClCompile Include="wattson-client\ModuleHandler\ModuleHandler.cpp">
      <Filter>Source Files</Filter>
    </ClCompile>
    <ClCompile Include="wattson-client\ModuleHandler\Modules\Visuals\Visuals.cpp">
      <Filter>Source Files</Filter>
    </ClCompile>
    <ClCompile Include="wattson-client\sdk\Util\List.cpp">
      <Filter>Source Files</Filter>
    </ClCompile>
    <ClCompile Include="wattson-client\vendor\Mapper\Mapper.cpp">
      <Filter>Source Files</Filter>
    </ClCompile>
    <ClCompile Include="wattson-client\HookManager\HookManager.cpp">
      <Filter>Source Files</Filter>
    </ClCompile>
    <ClCompile Include="wattson-client\HookManager\Detours\SwapBuffers.cpp">
      <Filter>Source Files</Filter>
    </ClCompile>
    <ClCompile Include="wattson-client\ClickGui\ClickGui.cpp">
      <Filter>Source Files</Filter>
    </ClCompile>
    <ClCompile Include="wattson-client\vendor\Input\Input.cpp">
      <Filter>Source Files</Filter>
    </ClCompile>
    <ClCompile Include="wattson-client\sdk\ActiveRenderInfo\ActiveRenderInfo.cpp">
      <Filter>Source Files</Filter>
    </ClCompile>
    <ClCompile Include="wattson-client\sdk\FloatBuffer\FloatBuffer.cpp">
      <Filter>Source Files</Filter>
    </ClCompile>
    <ClCompile Include="wattson-client\vendor\Math\Math.cpp">
      <Filter>Source Files</Filter>
    </ClCompile>
    <ClCompile Include="wattson-client\sdk\RenderManager\RenderManager.cpp">
      <Filter>Source Files</Filter>
    </ClCompile>
    <ClCompile Include="wattson-client\vendor\Render\Render.cpp">
      <Filter>Source Files</Filter>
    </ClCompile>
  </ItemGroup>
  <ItemGroup>
    <ClInclude Include="wattson-client\vendor\JNI\classfile_constants.h">
      <Filter>Header Files</Filter>
    </ClInclude>
    <ClInclude Include="wattson-client\vendor\JNI\jawt.h">
      <Filter>Header Files</Filter>
    </ClInclude>
    <ClInclude Include="wattson-client\vendor\JNI\jawt_md.h">
      <Filter>Header Files</Filter>
    </ClInclude>
    <ClInclude Include="wattson-client\vendor\JNI\jdwpTransport.h">
      <Filter>Header Files</Filter>
    </ClInclude>
    <ClInclude Include="wattson-client\vendor\JNI\jni.h">
      <Filter>Header Files</Filter>
    </ClInclude>
    <ClInclude Include="wattson-client\vendor\JNI\jni_md.h">
      <Filter>Header Files</Filter>
    </ClInclude>
    <ClInclude Include="wattson-client\vendor\JNI\jvmti.h">
      <Filter>Header Files</Filter>
    </ClInclude>
    <ClInclude Include="wattson-client\vendor\JNI\jvmticmlr.h">
      <Filter>Header Files</Filter>
    </ClInclude>
    <ClInclude Include="wattson-client\vendor\Java\Java.hpp">
      <Filter>Header Files</Filter>
    </ClInclude>
    <ClInclude Include="wattson-client\vendor\std.hpp">
      <Filter>Header Files</Filter>
    </ClInclude>
    <ClInclude Include="wattson-client\vendor\Console\Console.hpp">
      <Filter>Header Files</Filter>
    </ClInclude>
    <ClInclude Include="wattson-client\vendor\Wattson\Wattson.hpp">
      <Filter>Header Files</Filter>
    </ClInclude>
    <ClInclude Include="wattson-client\sdk\Minecraft\Minecraft.hpp">
      <Filter>Header Files</Filter>
    </ClInclude>
    <ClInclude Include="wattson-client\sdk\World\World.hpp">
      <Filter>Header Files</Filter>
    </ClInclude>
    <ClInclude Include="wattson-client\sdk\Player\Player.hpp">
      <Filter>Header Files</Filter>
    </ClInclude>
    <ClInclude Include="wattson-client\vendor\Math\Vector3f.hpp">
      <Filter>Header Files</Filter>
    </ClInclude>
    <ClInclude Include="wattson-client\ModuleHandler\ModuleHandler.hpp">
      <Filter>Header Files</Filter>
    </ClInclude>
    <ClInclude Include="wattson-client\ModuleHandler\Modules\Visuals\Visuals.hpp">
      <Filter>Header Files</Filter>
    </ClInclude>
    <ClInclude Include="wattson-client\sdk\Util\List.hpp">
      <Filter>Header Files</Filter>
    </ClInclude>
    <ClInclude Include="wattson-client\vendor\Mapper\Mapper.hpp">
      <Filter>Header Files</Filter>
    </ClInclude>
    <ClInclude Include="wattson-client\HookManager\HookManager.hpp">
      <Filter>Header Files</Filter>
    </ClInclude>
    <ClInclude Include="wattson-client\ClickGui\ClickGui.hpp">
      <Filter>Header Files</Filter>
    </ClInclude>
    <ClInclude Include="wattson-client\vendor\Input\Input.hpp">
      <Filter>Header Files</Filter>
    </ClInclude>
    <ClInclude Include="wattson-client\ClickGui\Framework\Fonts\Fonts.hpp">
      <Filter>Header Files</Filter>
    </ClInclude>
    <ClInclude Include="wattson-client\ModuleHandler\Variables.hpp">
      <Filter>Header Files</Filter>
    </ClInclude>
    <ClInclude Include="wattson-client\sdk\ActiveRenderInfo\ActiveRenderInfo.hpp">
      <Filter>Header Files</Filter>
    </ClInclude>
    <ClInclude Include="wattson-client\sdk\FloatBuffer\FloatBuffer.hpp">
      <Filter>Header Files</Filter>
    </ClInclude>
    <ClInclude Include="wattson-client\vendor\Math\Math.hpp">
      <Filter>Header Files</Filter>
    </ClInclude>
    <ClInclude Include="wattson-client\vendor\Math\Matrix.hpp">
      <Filter>Header Files</Filter>
    </ClInclude>
    <ClInclude Include="wattson-client\vendor\Math\Vector4f.hpp">
      <Filter>Header Files</Filter>
    </ClInclude>
    <ClInclude Include="wattson-client\vendor\Math\Vector2f.hpp">
      <Filter>Header Files</Filter>
    </ClInclude>
    <ClInclude Include="wattson-client\sdk\RenderManager\RenderManager.hpp">
      <Filter>Header Files</Filter>
    </ClInclude>
    <ClInclude Include="wattson-client\vendor\Render\Render.hpp">
      <Filter>Header Files</Filter>
    </ClInclude>
  </ItemGroup>
</Project>