<?xml version="1.0" encoding="utf-8"?>
<Project ToolsVersion="4.0" xmlns="http://schemas.microsoft.com/developer/msbuild/2003">
  <ItemGroup>
    <Filter Include="Source Files">
      <UniqueIdentifier>{4FC737F1-C7A5-4376-A066-2A32D752A2FF}</UniqueIdentifier>
      <Extensions>cpp;c;cc;cxx;c++;cppm;ixx;def;odl;idl;hpj;bat;asm;asmx</Extensions>
    </Filter>
    <Filter Include="Header Files">
      <UniqueIdentifier>{93995380-89BD-4b04-88EB-625FBE52EBFB}</UniqueIdentifier>
      <Extensions>h;hh;hpp;hxx;h++;hm;inl;inc;ipp;xsd</Extensions>
    </Filter>
    <Filter Include="Resource Files">
      <UniqueIdentifier>{67DA6AB6-F800-4c08-8B7A-83BB121AAD01}</UniqueIdentifier>
      <Extensions>rc;ico;cur;bmp;dlg;rc2;rct;bin;rgs;gif;jpg;jpeg;jpe;resx;tiff;tif;png;wav;mfcribbon-ms</Extensions>
    </Filter>
  </ItemGroup>
  <ItemGroup>
    <ClCompile Include="dllmain.cpp">
      <Filter>Source Files</Filter>
    </ClCompile>
    <ClCompile Include="wattson-sdk\ClickGui\ClickGui.cpp">
      <Filter>Source Files</Filter>
    </ClCompile>
    <ClCompile Include="wattson-sdk\HookManager\Detours\SwapBuffers.cpp">
      <Filter>Source Files</Filter>
    </ClCompile>
    <ClCompile Include="wattson-sdk\HookManager\HookManager.cpp">
      <Filter>Source Files</Filter>
    </ClCompile>
    <ClCompile Include="wattson-sdk\ModuleHandler\ModuleHandler.cpp">
      <Filter>Source Files</Filter>
    </ClCompile>
    <ClCompile Include="wattson-sdk\ModuleHandler\Modules\Visuals\Visuals.cpp">
      <Filter>Source Files</Filter>
    </ClCompile>
    <ClCompile Include="wattson-sdk\sdk\ActiveRenderInfo\ActiveRenderInfo.cpp">
      <Filter>Source Files</Filter>
    </ClCompile>
    <ClCompile Include="wattson-sdk\sdk\FloatBuffer\FloatBuffer.cpp">
      <Filter>Source Files</Filter>
    </ClCompile>
    <ClCompile Include="wattson-sdk\sdk\Minecraft\Minecraft.cpp">
      <Filter>Source Files</Filter>
    </ClCompile>
    <ClCompile Include="wattson-sdk\sdk\Player\Player.cpp">
      <Filter>Source Files</Filter>
    </ClCompile>
    <ClCompile Include="wattson-sdk\sdk\RenderManager\RenderManager.cpp">
      <Filter>Source Files</Filter>
    </ClCompile>
    <ClCompile Include="wattson-sdk\sdk\Util\List.cpp">
      <Filter>Source Files</Filter>
    </ClCompile>
    <ClCompile Include="wattson-sdk\sdk\World\World.cpp">
      <Filter>Source Files</Filter>
    </ClCompile>
    <ClCompile Include="wattson-sdk\vendor\Console\Console.cpp">
      <Filter>Source Files</Filter>
    </ClCompile>
    <ClCompile Include="wattson-sdk\vendor\Input\Input.cpp">
      <Filter>Source Files</Filter>
    </ClCompile>
    <ClCompile Include="wattson-sdk\vendor\Java\Java.cpp">
      <Filter>Source Files</Filter>
    </ClCompile>
    <ClCompile Include="wattson-sdk\vendor\Mapper\Mapper.cpp">
      <Filter>Source Files</Filter>
    </ClCompile>
    <ClCompile Include="wattson-sdk\vendor\Math\Math.cpp">
      <Filter>Source Files</Filter>
    </ClCompile>
    <ClCompile Include="wattson-sdk\vendor\Render\Render.cpp">
      <Filter>Source Files</Filter>
    </ClCompile>
    <ClCompile Include="wattson-sdk\vendor\Wattson\Wattson.cpp">
      <Filter>Source Files</Filter>
    </ClCompile>
    <ClCompile Include="wattson-sdk\sdk\GameSettings\GameSettings.cpp">
      <Filter>Source Files</Filter>
    </ClCompile>
    <ClCompile Include="wattson-sdk\ClickGui\Framework\Controls\Checkbox\Checkbox.cpp">
      <Filter>Source Files</Filter>
    </ClCompile>
    <ClCompile Include="wattson-sdk\ClickGui\Framework\Controls\Slider\Slider.cpp">
      <Filter>Source Files</Filter>
    </ClCompile>
    <ClCompile Include="wattson-sdk\ClickGui\Framework\Form\Form.cpp">
      <Filter>Source Files</Filter>
    </ClCompile>
    <ClCompile Include="wattson-sdk\ClickGui\Framework\Object\Object.cpp">
      <Filter>Source Files</Filter>
    </ClCompile>
    <ClCompile Include="wattson-sdk\ClickGui\Framework\Other\AnimationManager.cpp">
      <Filter>Source Files</Filter>
    </ClCompile>
    <ClCompile Include="wattson-sdk\ClickGui\Framework\Render\WattsonRender.cpp">
      <Filter>Source Files</Filter>
    </ClCompile>
    <ClCompile Include="wattson-sdk\ClickGui\Framework\Framework.cpp">
      <Filter>Source Files</Filter>
    </ClCompile>
    <ClCompile Include="wattson-sdk\ModuleHandler\Modules\Clicker\Clicker.cpp">
      <Filter>Source Files</Filter>
    </ClCompile>
  </ItemGroup>
  <ItemGroup>
    <ClInclude Include="wattson-sdk\ClickGui\ClickGui.hpp">
      <Filter>Header Files</Filter>
    </ClInclude>
    <ClInclude Include="wattson-sdk\ClickGui\Framework\Fonts\Fonts.hpp">
      <Filter>Header Files</Filter>
    </ClInclude>
    <ClInclude Include="wattson-sdk\HookManager\HookManager.hpp">
      <Filter>Header Files</Filter>
    </ClInclude>
    <ClInclude Include="wattson-sdk\ModuleHandler\ModuleHandler.hpp">
      <Filter>Header Files</Filter>
    </ClInclude>
    <ClInclude Include="wattson-sdk\ModuleHandler\Modules\Visuals\Visuals.hpp">
      <Filter>Header Files</Filter>
    </ClInclude>
    <ClInclude Include="wattson-sdk\ModuleHandler\Variables.hpp">
      <Filter>Header Files</Filter>
    </ClInclude>
    <ClInclude Include="wattson-sdk\sdk\ActiveRenderInfo\ActiveRenderInfo.hpp">
      <Filter>Header Files</Filter>
    </ClInclude>
    <ClInclude Include="wattson-sdk\sdk\FloatBuffer\FloatBuffer.hpp">
      <Filter>Header Files</Filter>
    </ClInclude>
    <ClInclude Include="wattson-sdk\sdk\Minecraft\Minecraft.hpp">
      <Filter>Header Files</Filter>
    </ClInclude>
    <ClInclude Include="wattson-sdk\sdk\Player\Player.hpp">
      <Filter>Header Files</Filter>
    </ClInclude>
    <ClInclude Include="wattson-sdk\sdk\RenderManager\RenderManager.hpp">
      <Filter>Header Files</Filter>
    </ClInclude>
    <ClInclude Include="wattson-sdk\sdk\Util\List.hpp">
      <Filter>Header Files</Filter>
    </ClInclude>
    <ClInclude Include="wattson-sdk\sdk\World\World.hpp">
      <Filter>Header Files</Filter>
    </ClInclude>
    <ClInclude Include="wattson-sdk\vendor\Console\Console.hpp">
      <Filter>Header Files</Filter>
    </ClInclude>
    <ClInclude Include="wattson-sdk\vendor\Input\Input.hpp">
      <Filter>Header Files</Filter>
    </ClInclude>
    <ClInclude Include="wattson-sdk\vendor\Java\Java.hpp">
      <Filter>Header Files</Filter>
    </ClInclude>
    <ClInclude Include="wattson-sdk\vendor\JNI\classfile_constants.h">
      <Filter>Header Files</Filter>
    </ClInclude>
    <ClInclude Include="wattson-sdk\vendor\JNI\jawt.h">
      <Filter>Header Files</Filter>
    </ClInclude>
    <ClInclude Include="wattson-sdk\vendor\JNI\jawt_md.h">
      <Filter>Header Files</Filter>
    </ClInclude>
    <ClInclude Include="wattson-sdk\vendor\JNI\jdwpTransport.h">
      <Filter>Header Files</Filter>
    </ClInclude>
    <ClInclude Include="wattson-sdk\vendor\JNI\jni.h">
      <Filter>Header Files</Filter>
    </ClInclude>
    <ClInclude Include="wattson-sdk\vendor\JNI\jni_md.h">
      <Filter>Header Files</Filter>
    </ClInclude>
    <ClInclude Include="wattson-sdk\vendor\JNI\jvmti.h">
      <Filter>Header Files</Filter>
    </ClInclude>
    <ClInclude Include="wattson-sdk\vendor\JNI\jvmticmlr.h">
      <Filter>Header Files</Filter>
    </ClInclude>
    <ClInclude Include="wattson-sdk\vendor\Mapper\Mapper.hpp">
      <Filter>Header Files</Filter>
    </ClInclude>
    <ClInclude Include="wattson-sdk\vendor\Math\Math.hpp">
      <Filter>Header Files</Filter>
    </ClInclude>
    <ClInclude Include="wattson-sdk\vendor\Math\Matrix.hpp">
      <Filter>Header Files</Filter>
    </ClInclude>
    <ClInclude Include="wattson-sdk\vendor\Math\Vector2f.hpp">
      <Filter>Header Files</Filter>
    </ClInclude>
    <ClInclude Include="wattson-sdk\vendor\Math\Vector3f.hpp">
      <Filter>Header Files</Filter>
    </ClInclude>
    <ClInclude Include="wattson-sdk\vendor\Math\Vector4f.hpp">
      <Filter>Header Files</Filter>
    </ClInclude>
    <ClInclude Include="wattson-sdk\vendor\Render\Render.hpp">
      <Filter>Header Files</Filter>
    </ClInclude>
    <ClInclude Include="wattson-sdk\vendor\std.hpp">
      <Filter>Header Files</Filter>
    </ClInclude>
    <ClInclude Include="wattson-sdk\vendor\Wattson\Wattson.hpp">
      <Filter>Header Files</Filter>
    </ClInclude>
    <ClInclude Include="wattson-sdk\sdk\GameSettings\GameSettings.hpp">
      <Filter>Header Files</Filter>
    </ClInclude>
    <ClInclude Include="wattson-sdk\ClickGui\Framework\Controls\Checkbox\Checkbox.hpp">
      <Filter>Header Files</Filter>
    </ClInclude>
    <ClInclude Include="wattson-sdk\ClickGui\Framework\Controls\Slider\Slider.hpp">
      <Filter>Header Files</Filter>
    </ClInclude>
    <ClInclude Include="wattson-sdk\ClickGui\Framework\Form\Form.hpp">
      <Filter>Header Files</Filter>
    </ClInclude>
    <ClInclude Include="wattson-sdk\ClickGui\Framework\Math\Math.hpp">
      <Filter>Header Files</Filter>
    </ClInclude>
    <ClInclude Include="wattson-sdk\ClickGui\Framework\Math\Vector2f.hpp">
      <Filter>Header Files</Filter>
    </ClInclude>
    <ClInclude Include="wattson-sdk\ClickGui\Framework\Object\Object.hpp">
      <Filter>Header Files</Filter>
    </ClInclude>
    <ClInclude Include="wattson-sdk\ClickGui\Framework\Other\AnimationManager.hpp">
      <Filter>Header Files</Filter>
    </ClInclude>
    <ClInclude Include="wattson-sdk\ClickGui\Framework\Other\Color.hpp">
      <Filter>Header Files</Filter>
    </ClInclude>
    <ClInclude Include="wattson-sdk\ClickGui\Framework\Other\Utils.hpp">
      <Filter>Header Files</Filter>
    </ClInclude>
    <ClInclude Include="wattson-sdk\ClickGui\Framework\Render\WattsonRender.hpp">
      <Filter>Header Files</Filter>
    </ClInclude>
    <ClInclude Include="wattson-sdk\ClickGui\Framework\Framework.hpp">
      <Filter>Header Files</Filter>
    </ClInclude>
    <ClInclude Include="wattson-sdk\sdk\Timer\Timer.hpp">
      <Filter>Header Files</Filter>
    </ClInclude>
    <ClInclude Include="wattson-sdk\ModuleHandler\Modules\Clicker\Clicker.hpp">
      <Filter>Header Files</Filter>
    </ClInclude>
  </ItemGroup>
</Project>